
Microsoft Visual Studio Solution File, Format Version 12.00
# Visual Studio Version 16
VisualStudioVersion = 16.0.30804.86
MinimumVisualStudioVersion = 10.0.40219.1
Project("{FAE04EC0-301F-11D3-BF4B-00C04F79EFBC}") = "Sayı_Bulmaca_07.01.21", "Sayı_Bulmaca_07.01.21\Sayı_Bulmaca_07.01.21.csproj", "{76FC0969-A99B-40BD-9767-0F058469F02D}"
EndProject
Global
	GlobalSection(SolutionConfigurationPlatforms) = preSolution
		Debug|Any CPU = Debug|Any CPU
		Release|Any CPU = Release|Any CPU
	EndGlobalSection
	GlobalSection(ProjectConfigurationPlatforms) = postSolution
		{76FC0969-A99B-40BD-9767-0F058469F02D}.Debug|Any CPU.ActiveCfg = Debug|Any CPU
		{76FC0969-A99B-40BD-9767-0F058469F02D}.Debug|Any CPU.Build.0 = Debug|Any CPU
		{76FC0969-A99B-40BD-9767-0F058469F02D}.Release|Any CPU.ActiveCfg = Release|Any CPU
		{76FC0969-A99B-40BD-9767-0F058469F02D}.Release|Any CPU.Build.0 = Release|Any CPU
	EndGlobalSection
	GlobalSection(SolutionProperties) = preSolution
		HideSolutionNode = FALSE
	EndGlobalSection
	GlobalSection(ExtensibilityGlobals) = postSolution
		SolutionGuid = {39B57D7F-2A14-498D-8F55-0529D814DD4C}
	EndGlobalSection
EndGlobal
